// !$*UTF8*$!
{
	archiveVersion = 1;
	classes = {
	};
	objectVersion = 55;
	objects = {

/* Begin PBXBuildFile section */
		5A0A111128353681009736E2 /* AppDelegate.swift in Sources */ = {isa = PBXBuildFile; fileRef = 5A0A111028353681009736E2 /* AppDelegate.swift */; };
		5A0A111328353681009736E2 /* SceneDelegate.swift in Sources */ = {isa = PBXBuildFile; fileRef = 5A0A111228353681009736E2 /* SceneDelegate.swift */; };
		5A0A111528353681009736E2 /* ViewController.swift in Sources */ = {isa = PBXBuildFile; fileRef = 5A0A111428353681009736E2 /* ViewController.swift */; };
		5A0A111828353681009736E2 /* Main.storyboard in Resources */ = {isa = PBXBuildFile; fileRef = 5A0A111628353681009736E2 /* Main.storyboard */; };
		5A0A111A28353684009736E2 /* Assets.xcassets in Resources */ = {isa = PBXBuildFile; fileRef = 5A0A111928353684009736E2 /* Assets.xcassets */; };
		5A0A111D28353684009736E2 /* LaunchScreen.storyboard in Resources */ = {isa = PBXBuildFile; fileRef = 5A0A111B28353684009736E2 /* LaunchScreen.storyboard */; };
		5A0A112828353684009736E2 /* ryawinningTests.swift in Sources */ = {isa = PBXBuildFile; fileRef = 5A0A112728353684009736E2 /* ryawinningTests.swift */; };
		5A0A113228353684009736E2 /* ryawinningUITests.swift in Sources */ = {isa = PBXBuildFile; fileRef = 5A0A113128353684009736E2 /* ryawinningUITests.swift */; };
		5A0A113428353684009736E2 /* ryawinningUITestsLaunchTests.swift in Sources */ = {isa = PBXBuildFile; fileRef = 5A0A113328353684009736E2 /* ryawinningUITestsLaunchTests.swift */; };
		5A0A1141283565A3009736E2 /* CartinhasCollectionViewCell.swift in Sources */ = {isa = PBXBuildFile; fileRef = 5A0A1140283565A3009736E2 /* CartinhasCollectionViewCell.swift */; };
		5A0A1143283573DA009736E2 /* Cards.swift in Sources */ = {isa = PBXBuildFile; fileRef = 5A0A1142283573D9009736E2 /* Cards.swift */; };
		5A0A11492836B583009736E2 /* TelaAtividadesViewController.swift in Sources */ = {isa = PBXBuildFile; fileRef = 5A0A11482836B583009736E2 /* TelaAtividadesViewController.swift */; };
		5A0A114B2836B66E009736E2 /* ListinhaViewController.swift in Sources */ = {isa = PBXBuildFile; fileRef = 5A0A114A2836B66E009736E2 /* ListinhaViewController.swift */; };
		5A0A114D2836B6B7009736E2 /* WinnerViewController.swift in Sources */ = {isa = PBXBuildFile; fileRef = 5A0A114C2836B6B7009736E2 /* WinnerViewController.swift */; };
		5A0A11502836C522009736E2 /* yawinningTableViewCell.swift in Sources */ = {isa = PBXBuildFile; fileRef = 5A0A114F2836C522009736E2 /* yawinningTableViewCell.swift */; };
/* End PBXBuildFile section */

/* Begin PBXContainerItemProxy section */
		5A0A112428353684009736E2 /* PBXContainerItemProxy */ = {
			isa = PBXContainerItemProxy;
			containerPortal = 5A0A110528353681009736E2 /* Project object */;
			proxyType = 1;
			remoteGlobalIDString = 5A0A110C28353681009736E2;
			remoteInfo = ryawinning;
		};
		5A0A112E28353684009736E2 /* PBXContainerItemProxy */ = {
			isa = PBXContainerItemProxy;
			containerPortal = 5A0A110528353681009736E2 /* Project object */;
			proxyType = 1;
			remoteGlobalIDString = 5A0A110C28353681009736E2;
			remoteInfo = ryawinning;
		};
/* End PBXContainerItemProxy section */

/* Begin PBXFileReference section */
		5A0A110D28353681009736E2 /* ryawinning.app */ = {isa = PBXFileReference; explicitFileType = wrapper.application; includeInIndex = 0; path = ryawinning.app; sourceTree = BUILT_PRODUCTS_DIR; };
		5A0A111028353681009736E2 /* AppDelegate.swift */ = {isa = PBXFileReference; lastKnownFileType = sourcecode.swift; path = AppDelegate.swift; sourceTree = "<group>"; };
		5A0A111228353681009736E2 /* SceneDelegate.swift */ = {isa = PBXFileReference; lastKnownFileType = sourcecode.swift; path = SceneDelegate.swift; sourceTree = "<group>"; };
		5A0A111428353681009736E2 /* ViewController.swift */ = {isa = PBXFileReference; lastKnownFileType = sourcecode.swift; path = ViewController.swift; sourceTree = "<group>"; };
		5A0A111728353681009736E2 /* Base */ = {isa = PBXFileReference; lastKnownFileType = file.storyboard; name = Base; path = Base.lproj/Main.storyboard; sourceTree = "<group>"; };
		5A0A111928353684009736E2 /* Assets.xcassets */ = {isa = PBXFileReference; lastKnownFileType = folder.assetcatalog; path = Assets.xcassets; sourceTree = "<group>"; };
		5A0A111C28353684009736E2 /* Base */ = {isa = PBXFileReference; lastKnownFileType = file.storyboard; name = Base; path = Base.lproj/LaunchScreen.storyboard; sourceTree = "<group>"; };
		5A0A111E28353684009736E2 /* Info.plist */ = {isa = PBXFileReference; lastKnownFileType = text.plist.xml; path = Info.plist; sourceTree = "<group>"; };
		5A0A112328353684009736E2 /* ryawinningTests.xctest */ = {isa = PBXFileReference; explicitFileType = wrapper.cfbundle; includeInIndex = 0; path = ryawinningTests.xctest; sourceTree = BUILT_PRODUCTS_DIR; };
		5A0A112728353684009736E2 /* ryawinningTests.swift */ = {isa = PBXFileReference; lastKnownFileType = sourcecode.swift; path = ryawinningTests.swift; sourceTree = "<group>"; };
		5A0A112D28353684009736E2 /* ryawinningUITests.xctest */ = {isa = PBXFileReference; explicitFileType = wrapper.cfbundle; includeInIndex = 0; path = ryawinningUITests.xctest; sourceTree = BUILT_PRODUCTS_DIR; };
		5A0A113128353684009736E2 /* ryawinningUITests.swift */ = {isa = PBXFileReference; lastKnownFileType = sourcecode.swift; path = ryawinningUITests.swift; sourceTree = "<group>"; };
		5A0A113328353684009736E2 /* ryawinningUITestsLaunchTests.swift */ = {isa = PBXFileReference; lastKnownFileType = sourcecode.swift; path = ryawinningUITestsLaunchTests.swift; sourceTree = "<group>"; };
		5A0A1140283565A3009736E2 /* CartinhasCollectionViewCell.swift */ = {isa = PBXFileReference; lastKnownFileType = sourcecode.swift; path = CartinhasCollectionViewCell.swift; sourceTree = "<group>"; };
		5A0A1142283573D9009736E2 /* Cards.swift */ = {isa = PBXFileReference; lastKnownFileType = sourcecode.swift; path = Cards.swift; sourceTree = "<group>"; };
		5A0A11462835A92E009736E2 /* Fonts */ = {isa = PBXFileReference; lastKnownFileType = folder; name = Fonts; path = ../../../Downloads/Fonts; sourceTree = "<group>"; };
		5A0A11482836B583009736E2 /* TelaAtividadesViewController.swift */ = {isa = PBXFileReference; lastKnownFileType = sourcecode.swift; path = TelaAtividadesViewController.swift; sourceTree = "<group>"; };
		5A0A114A2836B66E009736E2 /* ListinhaViewController.swift */ = {isa = PBXFileReference; lastKnownFileType = sourcecode.swift; path = ListinhaViewController.swift; sourceTree = "<group>"; };
		5A0A114C2836B6B7009736E2 /* WinnerViewController.swift */ = {isa = PBXFileReference; lastKnownFileType = sourcecode.swift; path = WinnerViewController.swift; sourceTree = "<group>"; };
		5A0A114F2836C522009736E2 /* yawinningTableViewCell.swift */ = {isa = PBXFileReference; lastKnownFileType = sourcecode.swift; path = yawinningTableViewCell.swift; sourceTree = "<group>"; };
/* End PBXFileReference section */

/* Begin PBXFrameworksBuildPhase section */
		5A0A110A28353681009736E2 /* Frameworks */ = {
			isa = PBXFrameworksBuildPhase;
			buildActionMask = 2147483647;
			files = (
			);
			runOnlyForDeploymentPostprocessing = 0;
		};
		5A0A112028353684009736E2 /* Frameworks */ = {
			isa = PBXFrameworksBuildPhase;
			buildActionMask = 2147483647;
			files = (
			);
			runOnlyForDeploymentPostprocessing = 0;
		};
		5A0A112A28353684009736E2 /* Frameworks */ = {
			isa = PBXFrameworksBuildPhase;
			buildActionMask = 2147483647;
			files = (
			);
			runOnlyForDeploymentPostprocessing = 0;
		};
/* End PBXFrameworksBuildPhase section */

/* Begin PBXGroup section */
		5A0A110428353681009736E2 = {
			isa = PBXGroup;
			children = (
				5A0A110F28353681009736E2 /* ryawinning */,
				5A0A112628353684009736E2 /* ryawinningTests */,
				5A0A113028353684009736E2 /* ryawinningUITests */,
				5A0A110E28353681009736E2 /* Products */,
			);
			sourceTree = "<group>";
		};
		5A0A110E28353681009736E2 /* Products */ = {
			isa = PBXGroup;
			children = (
				5A0A110D28353681009736E2 /* ryawinning.app */,
				5A0A112328353684009736E2 /* ryawinningTests.xctest */,
				5A0A112D28353684009736E2 /* ryawinningUITests.xctest */,
			);
			name = Products;
			sourceTree = "<group>";
		};
		5A0A110F28353681009736E2 /* ryawinning */ = {
			isa = PBXGroup;
			children = (
				5A0A114E2836B6EE009736E2 /* Controllers */,
				5A0A111028353681009736E2 /* AppDelegate.swift */,
				5A0A111228353681009736E2 /* SceneDelegate.swift */,
				5A0A111628353681009736E2 /* Main.storyboard */,
				5A0A114F2836C522009736E2 /* yawinningTableViewCell.swift */,
				5A0A1142283573D9009736E2 /* Cards.swift */,
				5A0A1140283565A3009736E2 /* CartinhasCollectionViewCell.swift */,
				5A0A111928353684009736E2 /* Assets.xcassets */,
				5A0A111B28353684009736E2 /* LaunchScreen.storyboard */,
				5A0A111E28353684009736E2 /* Info.plist */,
				5A0A11462835A92E009736E2 /* Fonts */,
			);
			path = ryawinning;
			sourceTree = "<group>";
		};
		5A0A112628353684009736E2 /* ryawinningTests */ = {
			isa = PBXGroup;
			children = (
				5A0A112728353684009736E2 /* ryawinningTests.swift */,
			);
			path = ryawinningTests;
			sourceTree = "<group>";
		};
		5A0A113028353684009736E2 /* ryawinningUITests */ = {
			isa = PBXGroup;
			children = (
				5A0A113128353684009736E2 /* ryawinningUITests.swift */,
				5A0A113328353684009736E2 /* ryawinningUITestsLaunchTests.swift */,
			);
			path = ryawinningUITests;
			sourceTree = "<group>";
		};
		5A0A114E2836B6EE009736E2 /* Controllers */ = {
			isa = PBXGroup;
			children = (
				5A0A111428353681009736E2 /* ViewController.swift */,
				5A0A114A2836B66E009736E2 /* ListinhaViewController.swift */,
				5A0A114C2836B6B7009736E2 /* WinnerViewController.swift */,
				5A0A11482836B583009736E2 /* TelaAtividadesViewController.swift */,
			);
			path = Controllers;
			sourceTree = "<group>";
		};
/* End PBXGroup section */

/* Begin PBXNativeTarget section */
		5A0A110C28353681009736E2 /* ryawinning */ = {
			isa = PBXNativeTarget;
			buildConfigurationList = 5A0A113728353684009736E2 /* Build configuration list for PBXNativeTarget "ryawinning" */;
			buildPhases = (
				5A0A110928353681009736E2 /* Sources */,
				5A0A110A28353681009736E2 /* Frameworks */,
				5A0A110B28353681009736E2 /* Resources */,
			);
			buildRules = (
			);
			dependencies = (
			);
			name = ryawinning;
			productName = ryawinning;
			productReference = 5A0A110D28353681009736E2 /* ryawinning.app */;
			productType = "com.apple.product-type.application";
		};
		5A0A112228353684009736E2 /* ryawinningTests */ = {
			isa = PBXNativeTarget;
			buildConfigurationList = 5A0A113A28353684009736E2 /* Build configuration list for PBXNativeTarget "ryawinningTests" */;
			buildPhases = (
				5A0A111F28353684009736E2 /* Sources */,
				5A0A112028353684009736E2 /* Frameworks */,
				5A0A112128353684009736E2 /* Resources */,
			);
			buildRules = (
			);
			dependencies = (
				5A0A112528353684009736E2 /* PBXTargetDependency */,
			);
			name = ryawinningTests;
			productName = ryawinningTests;
			productReference = 5A0A112328353684009736E2 /* ryawinningTests.xctest */;
			productType = "com.apple.product-type.bundle.unit-test";
		};
		5A0A112C28353684009736E2 /* ryawinningUITests */ = {
			isa = PBXNativeTarget;
			buildConfigurationList = 5A0A113D28353684009736E2 /* Build configuration list for PBXNativeTarget "ryawinningUITests" */;
			buildPhases = (
				5A0A112928353684009736E2 /* Sources */,
				5A0A112A28353684009736E2 /* Frameworks */,
				5A0A112B28353684009736E2 /* Resources */,
			);
			buildRules = (
			);
			dependencies = (
				5A0A112F28353684009736E2 /* PBXTargetDependency */,
			);
			name = ryawinningUITests;
			productName = ryawinningUITests;
			productReference = 5A0A112D28353684009736E2 /* ryawinningUITests.xctest */;
			productType = "com.apple.product-type.bundle.ui-testing";
		};
/* End PBXNativeTarget section */

/* Begin PBXProject section */
		5A0A110528353681009736E2 /* Project object */ = {
			isa = PBXProject;
			attributes = {
				BuildIndependentTargetsInParallel = 1;
				LastSwiftUpdateCheck = 1330;
				LastUpgradeCheck = 1330;
				TargetAttributes = {
					5A0A110C28353681009736E2 = {
						CreatedOnToolsVersion = 13.3.1;
					};
					5A0A112228353684009736E2 = {
						CreatedOnToolsVersion = 13.3.1;
						TestTargetID = 5A0A110C28353681009736E2;
					};
					5A0A112C28353684009736E2 = {
						CreatedOnToolsVersion = 13.3.1;
						TestTargetID = 5A0A110C28353681009736E2;
					};
				};
			};
			buildConfigurationList = 5A0A110828353681009736E2 /* Build configuration list for PBXProject "ryawinning" */;
			compatibilityVersion = "Xcode 13.0";
			developmentRegion = en;
			hasScannedForEncodings = 0;
			knownRegions = (
				en,
				Base,
			);
			mainGroup = 5A0A110428353681009736E2;
			productRefGroup = 5A0A110E28353681009736E2 /* Products */;
			projectDirPath = "";
			projectRoot = "";
			targets = (
				5A0A110C28353681009736E2 /* ryawinning */,
				5A0A112228353684009736E2 /* ryawinningTests */,
				5A0A112C28353684009736E2 /* ryawinningUITests */,
			);
		};
/* End PBXProject section */

/* Begin PBXResourcesBuildPhase section */
		5A0A110B28353681009736E2 /* Resources */ = {
			isa = PBXResourcesBuildPhase;
			buildActionMask = 2147483647;
			files = (
				5A0A111D28353684009736E2 /* LaunchScreen.storyboard in Resources */,
				5A0A111A28353684009736E2 /* Assets.xcassets in Resources */,
				5A0A111828353681009736E2 /* Main.storyboard in Resources */,
			);
			runOnlyForDeploymentPostprocessing = 0;
		};
		5A0A112128353684009736E2 /* Resources */ = {
			isa = PBXResourcesBuildPhase;
			buildActionMask = 2147483647;
			files = (
			);
			runOnlyForDeploymentPostprocessing = 0;
		};
		5A0A112B28353684009736E2 /* Resources */ = {
			isa = PBXResourcesBuildPhase;
			buildActionMask = 2147483647;
			files = (
			);
			runOnlyForDeploymentPostprocessing = 0;
		};
/* End PBXResourcesBuildPhase section */

/* Begin PBXSourcesBuildPhase section */
		5A0A110928353681009736E2 /* Sources */ = {
			isa = PBXSourcesBuildPhase;
			buildActionMask = 2147483647;
			files = (
				5A0A114B2836B66E009736E2 /* ListinhaViewController.swift in Sources */,
				5A0A11492836B583009736E2 /* TelaAtividadesViewController.swift in Sources */,
				5A0A1143283573DA009736E2 /* Cards.swift in Sources */,
				5A0A1141283565A3009736E2 /* CartinhasCollectionViewCell.swift in Sources */,
				5A0A11502836C522009736E2 /* yawinningTableViewCell.swift in Sources */,
				5A0A111528353681009736E2 /* ViewController.swift in Sources */,
				5A0A111128353681009736E2 /* AppDelegate.swift in Sources */,
				5A0A111328353681009736E2 /* SceneDelegate.swift in Sources */,
				5A0A114D2836B6B7009736E2 /* WinnerViewController.swift in Sources */,
			);
			runOnlyForDeploymentPostprocessing = 0;
		};
		5A0A111F28353684009736E2 /* Sources */ = {
			isa = PBXSourcesBuildPhase;
			buildActionMask = 2147483647;
			files = (
				5A0A112828353684009736E2 /* ryawinningTests.swift in Sources */,
			);
			runOnlyForDeploymentPostprocessing = 0;
		};
		5A0A112928353684009736E2 /* Sources */ = {
			isa = PBXSourcesBuildPhase;
			buildActionMask = 2147483647;
			files = (
				5A0A113428353684009736E2 /* ryawinningUITestsLaunchTests.swift in Sources */,
				5A0A113228353684009736E2 /* ryawinningUITests.swift in Sources */,
			);
			runOnlyForDeploymentPostprocessing = 0;
		};
/* End PBXSourcesBuildPhase section */

/* Begin PBXTargetDependency section */
		5A0A112528353684009736E2 /* PBXTargetDependency */ = {
			isa = PBXTargetDependency;
			target = 5A0A110C28353681009736E2 /* ryawinning */;
			targetProxy = 5A0A112428353684009736E2 /* PBXContainerItemProxy */;
		};
		5A0A112F28353684009736E2 /* PBXTargetDependency */ = {
			isa = PBXTargetDependency;
			target = 5A0A110C28353681009736E2 /* ryawinning */;
			targetProxy = 5A0A112E28353684009736E2 /* PBXContainerItemProxy */;
		};
/* End PBXTargetDependency section */

/* Begin PBXVariantGroup section */
		5A0A111628353681009736E2 /* Main.storyboard */ = {
			isa = PBXVariantGroup;
			children = (
				5A0A111728353681009736E2 /* Base */,
			);
			name = Main.storyboard;
			sourceTree = "<group>";
		};
		5A0A111B28353684009736E2 /* LaunchScreen.storyboard */ = {
			isa = PBXVariantGroup;
			children = (
				5A0A111C28353684009736E2 /* Base */,
			);
			name = LaunchScreen.storyboard;
			sourceTree = "<group>";
		};
/* End PBXVariantGroup section */

/* Begin XCBuildConfiguration section */
		5A0A113528353684009736E2 /* Debug */ = {
			isa = XCBuildConfiguration;
			buildSettings = {
				ALWAYS_SEARCH_USER_PATHS = NO;
				CLANG_ANALYZER_NONNULL = YES;
				CLANG_ANALYZER_NUMBER_OBJECT_CONVERSION = YES_AGGRESSIVE;
				CLANG_CXX_LANGUAGE_STANDARD = "gnu++17";
				CLANG_ENABLE_MODULES = YES;
				CLANG_ENABLE_OBJC_ARC = YES;
				CLANG_ENABLE_OBJC_WEAK = YES;
				CLANG_WARN_BLOCK_CAPTURE_AUTORELEASING = YES;
				CLANG_WARN_BOOL_CONVERSION = YES;
				CLANG_WARN_COMMA = YES;
				CLANG_WARN_CONSTANT_CONVERSION = YES;
				CLANG_WARN_DEPRECATED_OBJC_IMPLEMENTATIONS = YES;
				CLANG_WARN_DIRECT_OBJC_ISA_USAGE = YES_ERROR;
				CLANG_WARN_DOCUMENTATION_COMMENTS = YES;
				CLANG_WARN_EMPTY_BODY = YES;
				CLANG_WARN_ENUM_CONVERSION = YES;
				CLANG_WARN_INFINITE_RECURSION = YES;
				CLANG_WARN_INT_CONVERSION = YES;
				CLANG_WARN_NON_LITERAL_NULL_CONVERSION = YES;
				CLANG_WARN_OBJC_IMPLICIT_RETAIN_SELF = YES;
				CLANG_WARN_OBJC_LITERAL_CONVERSION = YES;
				CLANG_WARN_OBJC_ROOT_CLASS = YES_ERROR;
				CLANG_WARN_QUOTED_INCLUDE_IN_FRAMEWORK_HEADER = YES;
				CLANG_WARN_RANGE_LOOP_ANALYSIS = YES;
				CLANG_WARN_STRICT_PROTOTYPES = YES;
				CLANG_WARN_SUSPICIOUS_MOVE = YES;
				CLANG_WARN_UNGUARDED_AVAILABILITY = YES_AGGRESSIVE;
				CLANG_WARN_UNREACHABLE_CODE = YES;
				CLANG_WARN__DUPLICATE_METHOD_MATCH = YES;
				COPY_PHASE_STRIP = NO;
				DEBUG_INFORMATION_FORMAT = dwarf;
				ENABLE_STRICT_OBJC_MSGSEND = YES;
				ENABLE_TESTABILITY = YES;
				GCC_C_LANGUAGE_STANDARD = gnu11;
				GCC_DYNAMIC_NO_PIC = NO;
				GCC_NO_COMMON_BLOCKS = YES;
				GCC_OPTIMIZATION_LEVEL = 0;
				GCC_PREPROCESSOR_DEFINITIONS = (
					"DEBUG=1",
					"$(inherited)",
				);
				GCC_WARN_64_TO_32_BIT_CONVERSION = YES;
				GCC_WARN_ABOUT_RETURN_TYPE = YES_ERROR;
				GCC_WARN_UNDECLARED_SELECTOR = YES;
				GCC_WARN_UNINITIALIZED_AUTOS = YES_AGGRESSIVE;
				GCC_WARN_UNUSED_FUNCTION = YES;
				GCC_WARN_UNUSED_VARIABLE = YES;
				IPHONEOS_DEPLOYMENT_TARGET = 15.4;
				MTL_ENABLE_DEBUG_INFO = INCLUDE_SOURCE;
				MTL_FAST_MATH = YES;
				ONLY_ACTIVE_ARCH = YES;
				SDKROOT = iphoneos;
				SWIFT_ACTIVE_COMPILATION_CONDITIONS = DEBUG;
				SWIFT_OPTIMIZATION_LEVEL = "-Onone";
			};
			name = Debug;
		};
		5A0A113628353684009736E2 /* Release */ = {
			isa = XCBuildConfiguration;
			buildSettings = {
				ALWAYS_SEARCH_USER_PATHS = NO;
				CLANG_ANALYZER_NONNULL = YES;
				CLANG_ANALYZER_NUMBER_OBJECT_CONVERSION = YES_AGGRESSIVE;
				CLANG_CXX_LANGUAGE_STANDARD = "gnu++17";
				CLANG_ENABLE_MODULES = YES;
				CLANG_ENABLE_OBJC_ARC = YES;
				CLANG_ENABLE_OBJC_WEAK = YES;
				CLANG_WARN_BLOCK_CAPTURE_AUTORELEASING = YES;
				CLANG_WARN_BOOL_CONVERSION = YES;
				CLANG_WARN_COMMA = YES;
				CLANG_WARN_CONSTANT_CONVERSION = YES;
				CLANG_WARN_DEPRECATED_OBJC_IMPLEMENTATIONS = YES;
				CLANG_WARN_DIRECT_OBJC_ISA_USAGE = YES_ERROR;
				CLANG_WARN_DOCUMENTATION_COMMENTS = YES;
				CLANG_WARN_EMPTY_BODY = YES;
				CLANG_WARN_ENUM_CONVERSION = YES;
				CLANG_WARN_INFINITE_RECURSION = YES;
				CLANG_WARN_INT_CONVERSION = YES;
				CLANG_WARN_NON_LITERAL_NULL_CONVERSION = YES;
				CLANG_WARN_OBJC_IMPLICIT_RETAIN_SELF = YES;
				CLANG_WARN_OBJC_LITERAL_CONVERSION = YES;
				CLANG_WARN_OBJC_ROOT_CLASS = YES_ERROR;
				CLANG_WARN_QUOTED_INCLUDE_IN_FRAMEWORK_HEADER = YES;
				CLANG_WARN_RANGE_LOOP_ANALYSIS = YES;
				CLANG_WARN_STRICT_PROTOTYPES = YES;
				CLANG_WARN_SUSPICIOUS_MOVE = YES;
				CLANG_WARN_UNGUARDED_AVAILABILITY = YES_AGGRESSIVE;
				CLANG_WARN_UNREACHABLE_CODE = YES;
				CLANG_WARN__DUPLICATE_METHOD_MATCH = YES;
				COPY_PHASE_STRIP = NO;
				DEBUG_INFORMATION_FORMAT = "dwarf-with-dsym";
				ENABLE_NS_ASSERTIONS = NO;
				ENABLE_STRICT_OBJC_MSGSEND = YES;
				GCC_C_LANGUAGE_STANDARD = gnu11;
				GCC_NO_COMMON_BLOCKS = YES;
				GCC_WARN_64_TO_32_BIT_CONVERSION = YES;
				GCC_WARN_ABOUT_RETURN_TYPE = YES_ERROR;
				GCC_WARN_UNDECLARED_SELECTOR = YES;
				GCC_WARN_UNINITIALIZED_AUTOS = YES_AGGRESSIVE;
				GCC_WARN_UNUSED_FUNCTION = YES;
				GCC_WARN_UNUSED_VARIABLE = YES;
				IPHONEOS_DEPLOYMENT_TARGET = 15.4;
				MTL_ENABLE_DEBUG_INFO = NO;
				MTL_FAST_MATH = YES;
				SDKROOT = iphoneos;
				SWIFT_COMPILATION_MODE = wholemodule;
				SWIFT_OPTIMIZATION_LEVEL = "-O";
				VALIDATE_PRODUCT = YES;
			};
			name = Release;
		};
		5A0A113828353684009736E2 /* Debug */ = {
			isa = XCBuildConfiguration;
			buildSettings = {
				ASSETCATALOG_COMPILER_APPICON_NAME = AppIcon;
				ASSETCATALOG_COMPILER_GLOBAL_ACCENT_COLOR_NAME = AccentColor;
				CODE_SIGN_STYLE = Automatic;
				CURRENT_PROJECT_VERSION = 2;
				DEVELOPMENT_TEAM = VNH67NDAE6;
				GENERATE_INFOPLIST_FILE = YES;
				INFOPLIST_FILE = ryawinning/Info.plist;
				INFOPLIST_KEY_CFBundleDisplayName = "Are Ya Winning, Son?";
				INFOPLIST_KEY_UIApplicationSupportsIndirectInputEvents = YES;
				INFOPLIST_KEY_UILaunchStoryboardName = LaunchScreen;
				INFOPLIST_KEY_UIMainStoryboardFile = Main;
				INFOPLIST_KEY_UISupportedInterfaceOrientations = UIInterfaceOrientationPortrait;
				INFOPLIST_KEY_UISupportedInterfaceOrientations_iPad = "UIInterfaceOrientationPortrait UIInterfaceOrientationPortraitUpsideDown UIInterfaceOrientationLandscapeLeft UIInterfaceOrientationLandscapeRight";
				INFOPLIST_KEY_UISupportedInterfaceOrientations_iPhone = "UIInterfaceOrientationPortrait UIInterfaceOrientationLandscapeLeft UIInterfaceOrientationLandscapeRight";
				LD_RUNPATH_SEARCH_PATHS = (
					"$(inherited)",
					"@executable_path/Frameworks",
				);
				MARKETING_VERSION = 0.1.0;
				PRODUCT_BUNDLE_IDENTIFIER = lclr.academy.cin.br.ryawinning;
				PRODUCT_NAME = "$(TARGET_NAME)";
				SWIFT_EMIT_LOC_STRINGS = YES;
				SWIFT_VERSION = 5.0;
				TARGETED_DEVICE_FAMILY = "1,2";
			};
			name = Debug;
		};
		5A0A113928353684009736E2 /* Release */ = {
			isa = XCBuildConfiguration;
			buildSettings = {
				ASSETCATALOG_COMPILER_APPICON_NAME = AppIcon;
				ASSETCATALOG_COMPILER_GLOBAL_ACCENT_COLOR_NAME = AccentColor;
				CODE_SIGN_STYLE = Automatic;
				CURRENT_PROJECT_VERSION = 2;
				DEVELOPMENT_TEAM = VNH67NDAE6;
				GENERATE_INFOPLIST_FILE = YES;
				INFOPLIST_FILE = ryawinning/Info.plist;
				INFOPLIST_KEY_CFBundleDisplayName = "Are Ya Winning, Son?";
				INFOPLIST_KEY_UIApplicationSupportsIndirectInputEvents = YES;
				INFOPLIST_KEY_UILaunchStoryboardName = LaunchScreen;
				INFOPLIST_KEY_UIMainStoryboardFile = Main;
				INFOPLIST_KEY_UISupportedInterfaceOrientations = UIInterfaceOrientationPortrait;
				INFOPLIST_KEY_UISupportedInterfaceOrientations_iPad = "UIInterfaceOrientationPortrait UIInterfaceOrientationPortraitUpsideDown UIInterfaceOrientationLandscapeLeft UIInterfaceOrientationLandscapeRight";
				INFOPLIST_KEY_UISupportedInterfaceOrientations_iPhone = "UIInterfaceOrientationPortrait UIInterfaceOrientationLandscapeLeft UIInterfaceOrientationLandscapeRight";
				LD_RUNPATH_SEARCH_PATHS = (
					"$(inherited)",
					"@executable_path/Frameworks",
				);
				MARKETING_VERSION = 0.1.0;
				PRODUCT_BUNDLE_IDENTIFIER = lclr.academy.cin.br.ryawinning;
				PRODUCT_NAME = "$(TARGET_NAME)";
				SWIFT_EMIT_LOC_STRINGS = YES;
				SWIFT_VERSION = 5.0;
				TARGETED_DEVICE_FAMILY = "1,2";
			};
			name = Release;
		};
		5A0A113B28353684009736E2 /* Debug */ = {
			isa = XCBuildConfiguration;
			buildSettings = {
				ALWAYS_EMBED_SWIFT_STANDARD_LIBRARIES = YES;
				BUNDLE_LOADER = "$(TEST_HOST)";
				CODE_SIGN_STYLE = Automatic;
				CURRENT_PROJECT_VERSION = 1;
				DEVELOPMENT_TEAM = VNH67NDAE6;
				GENERATE_INFOPLIST_FILE = YES;
				IPHONEOS_DEPLOYMENT_TARGET = 15.4;
				MARKETING_VERSION = 1.0;
				PRODUCT_BUNDLE_IDENTIFIER = lclr.academy.cin.br.ryawinningTests;
				PRODUCT_NAME = "$(TARGET_NAME)";
				SWIFT_EMIT_LOC_STRINGS = NO;
				SWIFT_VERSION = 5.0;
				TARGETED_DEVICE_FAMILY = "1,2";
				TEST_HOST = "$(BUILT_PRODUCTS_DIR)/ryawinning.app/ryawinning";
			};
			name = Debug;
		};
		5A0A113C28353684009736E2 /* Release */ = {
			isa = XCBuildConfiguration;
			buildSettings = {
				ALWAYS_EMBED_SWIFT_STANDARD_LIBRARIES = YES;
				BUNDLE_LOADER = "$(TEST_HOST)";
				CODE_SIGN_STYLE = Automatic;
				CURRENT_PROJECT_VERSION = 1;
				DEVELOPMENT_TEAM = VNH67NDAE6;
				GENERATE_INFOPLIST_FILE = YES;
				IPHONEOS_DEPLOYMENT_TARGET = 15.4;
				MARKETING_VERSION = 1.0;
				PRODUCT_BUNDLE_IDENTIFIER = lclr.academy.cin.br.ryawinningTests;
				PRODUCT_NAME = "$(TARGET_NAME)";
				SWIFT_EMIT_LOC_STRINGS = NO;
				SWIFT_VERSION = 5.0;
				TARGETED_DEVICE_FAMILY = "1,2";
				TEST_HOST = "$(BUILT_PRODUCTS_DIR)/ryawinning.app/ryawinning";
			};
			name = Release;
		};
		5A0A113E28353684009736E2 /* Debug */ = {
			isa = XCBuildConfiguration;
			buildSettings = {
				ALWAYS_EMBED_SWIFT_STANDARD_LIBRARIES = YES;
				CODE_SIGN_STYLE = Automatic;
				CURRENT_PROJECT_VERSION = 1;
				DEVELOPMENT_TEAM = VNH67NDAE6;
				GENERATE_INFOPLIST_FILE = YES;
				MARKETING_VERSION = 1.0;
				PRODUCT_BUNDLE_IDENTIFIER = lclr.academy.cin.br.ryawinningUITests;
				PRODUCT_NAME = "$(TARGET_NAME)";
				SWIFT_EMIT_LOC_STRINGS = NO;
				SWIFT_VERSION = 5.0;
				TARGETED_DEVICE_FAMILY = "1,2";
				TEST_TARGET_NAME = ryawinning;
			};
			name = Debug;
		};
		5A0A113F28353684009736E2 /* Release */ = {
			isa = XCBuildConfiguration;
			buildSettings = {
				ALWAYS_EMBED_SWIFT_STANDARD_LIBRARIES = YES;
				CODE_SIGN_STYLE = Automatic;
				CURRENT_PROJECT_VERSION = 1;
				DEVELOPMENT_TEAM = VNH67NDAE6;
				GENERATE_INFOPLIST_FILE = YES;
				MARKETING_VERSION = 1.0;
				PRODUCT_BUNDLE_IDENTIFIER = lclr.academy.cin.br.ryawinningUITests;
				PRODUCT_NAME = "$(TARGET_NAME)";
				SWIFT_EMIT_LOC_STRINGS = NO;
				SWIFT_VERSION = 5.0;
				TARGETED_DEVICE_FAMILY = "1,2";
				TEST_TARGET_NAME = ryawinning;
			};
			name = Release;
		};
/* End XCBuildConfiguration section */

/* Begin XCConfigurationList section */
		5A0A110828353681009736E2 /* Build configuration list for PBXProject "ryawinning" */ = {
			isa = XCConfigurationList;
			buildConfigurations = (
				5A0A113528353684009736E2 /* Debug */,
				5A0A113628353684009736E2 /* Release */,
			);
			defaultConfigurationIsVisible = 0;
			defaultConfigurationName = Release;
		};
		5A0A113728353684009736E2 /* Build configuration list for PBXNativeTarget "ryawinning" */ = {
			isa = XCConfigurationList;
			buildConfigurations = (
				5A0A113828353684009736E2 /* Debug */,
				5A0A113928353684009736E2 /* Release */,
			);
			defaultConfigurationIsVisible = 0;
			defaultConfigurationName = Release;
		};
		5A0A113A28353684009736E2 /* Build configuration list for PBXNativeTarget "ryawinningTests" */ = {
			isa = XCConfigurationList;
			buildConfigurations = (
				5A0A113B28353684009736E2 /* Debug */,
				5A0A113C28353684009736E2 /* Release */,
			);
			defaultConfigurationIsVisible = 0;
			defaultConfigurationName = Release;
		};
		5A0A113D28353684009736E2 /* Build configuration list for PBXNativeTarget "ryawinningUITests" */ = {
			isa = XCConfigurationList;
			buildConfigurations = (
				5A0A113E28353684009736E2 /* Debug */,
				5A0A113F28353684009736E2 /* Release */,
			);
			defaultConfigurationIsVisible = 0;
			defaultConfigurationName = Release;
		};
/* End XCConfigurationList section */
	};
	rootObject = 5A0A110528353681009736E2 /* Project object */;
}
